
Microsoft Visual Studio Solution File, Format Version 12.00
# Visual Studio Version 17
VisualStudioVersion = 17.10.35027.167
MinimumVisualStudioVersion = 10.0.40219.1
Project("{2150E333-8FDC-42A3-9474-1A3956D46DE8}") = "Adapter", "Adapter", "{2DE5B98F-502F-40AA-8904-79C3CCD1C63A}"
EndProject
Project("{FAE04EC0-301F-11D3-BF4B-00C04F79EFBC}") = "Real-world-1", "Structural\Real-world-1.csproj", "{CF4B14A4-A7C4-4C05-BBAD-C67211E4F464}"
EndProject
Project("{2150E333-8FDC-42A3-9474-1A3956D46DE8}") = "Bridge", "Bridge", "{764FFCC6-C2EC-4676-B009-4A560A1ABD75}"
EndProject
Project("{FAE04EC0-301F-11D3-BF4B-00C04F79EFBC}") = "Real-world-2", "Real-world\Real-world-2.csproj", "{562BFD35-D7C8-4780-88A1-5433DC6382E2}"
EndProject
Project("{2150E333-8FDC-42A3-9474-1A3956D46DE8}") = "Composite", "Composite", "{EA3ED343-70BA-449A-9E80-B6148105D738}"
EndProject
Project("{FAE04EC0-301F-11D3-BF4B-00C04F79EFBC}") = "Real-world-3", "Realworld\Real-world-3.csproj", "{0688747C-11E4-42DD-AF77-62B4D956672B}"
EndProject
Project("{2150E333-8FDC-42A3-9474-1A3956D46DE8}") = "Decorator", "Decorator", "{AE6F2CBF-4543-4752-AD9B-134D95F2A24D}"
EndProject
Project("{FAE04EC0-301F-11D3-BF4B-00C04F79EFBC}") = "Real-world_4", "Real-world_1\Real-world_4.csproj", "{1819E097-D00B-43B1-B3A3-D2179B2AFC0A}"
EndProject
Project("{2150E333-8FDC-42A3-9474-1A3956D46DE8}") = "Facade", "Facade", "{9651F1CE-FE26-4C40-BCDA-1778BD49E121}"
EndProject
Project("{FAE04EC0-301F-11D3-BF4B-00C04F79EFBC}") = "Real-world-5", "Real-world-5\Real-world-5.csproj", "{CB7D637B-799E-4E25-8C07-DA4A54C83553}"
EndProject
Project("{2150E333-8FDC-42A3-9474-1A3956D46DE8}") = "Flyweight", "Flyweight", "{E8FEAE5D-6FBF-45A1-B9E9-F76DE35C13E7}"
EndProject
Project("{FAE04EC0-301F-11D3-BF4B-00C04F79EFBC}") = "Real-world-6", "Real-world-6\Real-world-6.csproj", "{108A1CB5-19C8-4F25-8C37-9C2AC6327233}"
EndProject
Project("{2150E333-8FDC-42A3-9474-1A3956D46DE8}") = "Proxy", "Proxy", "{9EC00735-9E6B-420E-BFAD-2569FAE11377}"
EndProject
Project("{FAE04EC0-301F-11D3-BF4B-00C04F79EFBC}") = "Real-world-7", "Real-world-7\Real-world-7.csproj", "{D023B7D2-8CFA-418D-BE79-4B2D6BADA613}"
EndProject
Project("{2150E333-8FDC-42A3-9474-1A3956D46DE8}") = "Chain of Responsibility", "Chain of Responsibility", "{94828128-4631-4427-BBF9-5B612DE41CF6}"
EndProject
Project("{FAE04EC0-301F-11D3-BF4B-00C04F79EFBC}") = "Real-world-8", "Real-world-8\Real-world-8.csproj", "{B537C932-0242-4370-98E6-F2FD45AECF5D}"
EndProject
Project("{2150E333-8FDC-42A3-9474-1A3956D46DE8}") = "Command", "Command", "{33702DEE-0C75-4BD5-9714-977F3AB9515B}"
EndProject
Project("{FAE04EC0-301F-11D3-BF4B-00C04F79EFBC}") = "Real-world-9", "Real-world-9\Real-world-9.csproj", "{FE15DD96-9534-4081-AA32-AD20C52423D0}"
EndProject
Project("{2150E333-8FDC-42A3-9474-1A3956D46DE8}") = "Interpreter", "Interpreter", "{6C3BD662-DB5E-4173-9224-5C73D0CEB6FE}"
EndProject
Project("{FAE04EC0-301F-11D3-BF4B-00C04F79EFBC}") = "Real-world-10", "Real-world-10\Real-world-10.csproj", "{F0E2BDF3-D12B-4ED6-B845-2999CA5E2513}"
EndProject
Project("{2150E333-8FDC-42A3-9474-1A3956D46DE8}") = "Iterator", "Iterator", "{D0BBC458-6F26-44B5-8C3E-B403E126DCAF}"
EndProject
Project("{FAE04EC0-301F-11D3-BF4B-00C04F79EFBC}") = "Real-world-11", "Real-world-11\Real-world-11.csproj", "{0AB5AD67-2253-4D46-B99F-F3711D0E3272}"
EndProject
Project("{2150E333-8FDC-42A3-9474-1A3956D46DE8}") = "Mediator", "Mediator", "{18848DC8-2ED9-44CB-9757-C34F78CFAC51}"
EndProject
Project("{FAE04EC0-301F-11D3-BF4B-00C04F79EFBC}") = "Real-world-12", "Real-world-12\Real-world-12.csproj", "{931431DA-9267-4884-9A99-4FEF56B35CA8}"
EndProject
Project("{2150E333-8FDC-42A3-9474-1A3956D46DE8}") = "Memento", "Memento", "{FC1CEAF7-9167-46C6-B5EB-C71858791234}"
EndProject
Project("{FAE04EC0-301F-11D3-BF4B-00C04F79EFBC}") = "Real-world-13", "Real-world-13\Real-world-13.csproj", "{52120639-F368-4B87-A670-B534EC996CCB}"
EndProject
Project("{2150E333-8FDC-42A3-9474-1A3956D46DE8}") = "Observer", "Observer", "{58D636DA-C2D4-416D-B5E8-3D1B8D0AE664}"
EndProject
Project("{FAE04EC0-301F-11D3-BF4B-00C04F79EFBC}") = "Real-world-14", "Real-world-14\Real-world-14.csproj", "{7D3D2343-8FD7-46AA-9B4F-34DBC359AEF5}"
EndProject
Project("{2150E333-8FDC-42A3-9474-1A3956D46DE8}") = "State", "State", "{916BBCB8-ED45-4857-B2A1-F9FFFF0D3497}"
EndProject
Project("{FAE04EC0-301F-11D3-BF4B-00C04F79EFBC}") = "Real-world-15", "Real-world-15\Real-world-15.csproj", "{EAB3B9A6-3731-42B0-A41F-2BE28342241B}"
EndProject
Project("{2150E333-8FDC-42A3-9474-1A3956D46DE8}") = "Strategy", "Strategy", "{6C73CEC8-143E-49D0-847F-F4AF4FDF9B38}"
EndProject
Project("{FAE04EC0-301F-11D3-BF4B-00C04F79EFBC}") = "Real-world-16", "Real-world-16\Real-world-16.csproj", "{9ADEDA3A-41B9-41FC-9A2B-F614AC75A405}"
EndProject
Project("{2150E333-8FDC-42A3-9474-1A3956D46DE8}") = "Template Method", "Template Method", "{AD3D19F7-9A79-4B39-8468-086C73A3EE0A}"
EndProject
Project("{FAE04EC0-301F-11D3-BF4B-00C04F79EFBC}") = "Real-world-17", "Real-world-17\Real-world-17.csproj", "{E48FD7B0-BE72-4A67-843F-1211A4FB5D62}"
EndProject
Global
	GlobalSection(SolutionConfigurationPlatforms) = preSolution
		Debug|Any CPU = Debug|Any CPU
		Release|Any CPU = Release|Any CPU
	EndGlobalSection
	GlobalSection(ProjectConfigurationPlatforms) = postSolution
		{CF4B14A4-A7C4-4C05-BBAD-C67211E4F464}.Debug|Any CPU.ActiveCfg = Debug|Any CPU
		{CF4B14A4-A7C4-4C05-BBAD-C67211E4F464}.Debug|Any CPU.Build.0 = Debug|Any CPU
		{CF4B14A4-A7C4-4C05-BBAD-C67211E4F464}.Release|Any CPU.ActiveCfg = Release|Any CPU
		{CF4B14A4-A7C4-4C05-BBAD-C67211E4F464}.Release|Any CPU.Build.0 = Release|Any CPU
		{562BFD35-D7C8-4780-88A1-5433DC6382E2}.Debug|Any CPU.ActiveCfg = Debug|Any CPU
		{562BFD35-D7C8-4780-88A1-5433DC6382E2}.Debug|Any CPU.Build.0 = Debug|Any CPU
		{562BFD35-D7C8-4780-88A1-5433DC6382E2}.Release|Any CPU.ActiveCfg = Release|Any CPU
		{562BFD35-D7C8-4780-88A1-5433DC6382E2}.Release|Any CPU.Build.0 = Release|Any CPU
		{0688747C-11E4-42DD-AF77-62B4D956672B}.Debug|Any CPU.ActiveCfg = Debug|Any CPU
		{0688747C-11E4-42DD-AF77-62B4D956672B}.Debug|Any CPU.Build.0 = Debug|Any CPU
		{0688747C-11E4-42DD-AF77-62B4D956672B}.Release|Any CPU.ActiveCfg = Release|Any CPU
		{0688747C-11E4-42DD-AF77-62B4D956672B}.Release|Any CPU.Build.0 = Release|Any CPU
		{1819E097-D00B-43B1-B3A3-D2179B2AFC0A}.Debug|Any CPU.ActiveCfg = Debug|Any CPU
		{1819E097-D00B-43B1-B3A3-D2179B2AFC0A}.Debug|Any CPU.Build.0 = Debug|Any CPU
		{1819E097-D00B-43B1-B3A3-D2179B2AFC0A}.Release|Any CPU.ActiveCfg = Release|Any CPU
		{1819E097-D00B-43B1-B3A3-D2179B2AFC0A}.Release|Any CPU.Build.0 = Release|Any CPU
		{CB7D637B-799E-4E25-8C07-DA4A54C83553}.Debug|Any CPU.ActiveCfg = Debug|Any CPU
		{CB7D637B-799E-4E25-8C07-DA4A54C83553}.Debug|Any CPU.Build.0 = Debug|Any CPU
		{CB7D637B-799E-4E25-8C07-DA4A54C83553}.Release|Any CPU.ActiveCfg = Release|Any CPU
		{CB7D637B-799E-4E25-8C07-DA4A54C83553}.Release|Any CPU.Build.0 = Release|Any CPU
		{108A1CB5-19C8-4F25-8C37-9C2AC6327233}.Debug|Any CPU.ActiveCfg = Debug|Any CPU
		{108A1CB5-19C8-4F25-8C37-9C2AC6327233}.Debug|Any CPU.Build.0 = Debug|Any CPU
		{108A1CB5-19C8-4F25-8C37-9C2AC6327233}.Release|Any CPU.ActiveCfg = Release|Any CPU
		{108A1CB5-19C8-4F25-8C37-9C2AC6327233}.Release|Any CPU.Build.0 = Release|Any CPU
		{D023B7D2-8CFA-418D-BE79-4B2D6BADA613}.Debug|Any CPU.ActiveCfg = Debug|Any CPU
		{D023B7D2-8CFA-418D-BE79-4B2D6BADA613}.Debug|Any CPU.Build.0 = Debug|Any CPU
		{D023B7D2-8CFA-418D-BE79-4B2D6BADA613}.Release|Any CPU.ActiveCfg = Release|Any CPU
		{D023B7D2-8CFA-418D-BE79-4B2D6BADA613}.Release|Any CPU.Build.0 = Release|Any CPU
		{B537C932-0242-4370-98E6-F2FD45AECF5D}.Debug|Any CPU.ActiveCfg = Debug|Any CPU
		{B537C932-0242-4370-98E6-F2FD45AECF5D}.Debug|Any CPU.Build.0 = Debug|Any CPU
		{B537C932-0242-4370-98E6-F2FD45AECF5D}.Release|Any CPU.ActiveCfg = Release|Any CPU
		{B537C932-0242-4370-98E6-F2FD45AECF5D}.Release|Any CPU.Build.0 = Release|Any CPU
		{FE15DD96-9534-4081-AA32-AD20C52423D0}.Debug|Any CPU.ActiveCfg = Debug|Any CPU
		{FE15DD96-9534-4081-AA32-AD20C52423D0}.Debug|Any CPU.Build.0 = Debug|Any CPU
		{FE15DD96-9534-4081-AA32-AD20C52423D0}.Release|Any CPU.ActiveCfg = Release|Any CPU
		{FE15DD96-9534-4081-AA32-AD20C52423D0}.Release|Any CPU.Build.0 = Release|Any CPU
		{F0E2BDF3-D12B-4ED6-B845-2999CA5E2513}.Debug|Any CPU.ActiveCfg = Debug|Any CPU
		{F0E2BDF3-D12B-4ED6-B845-2999CA5E2513}.Debug|Any CPU.Build.0 = Debug|Any CPU
		{F0E2BDF3-D12B-4ED6-B845-2999CA5E2513}.Release|Any CPU.ActiveCfg = Release|Any CPU
		{F0E2BDF3-D12B-4ED6-B845-2999CA5E2513}.Release|Any CPU.Build.0 = Release|Any CPU
		{0AB5AD67-2253-4D46-B99F-F3711D0E3272}.Debug|Any CPU.ActiveCfg = Debug|Any CPU
		{0AB5AD67-2253-4D46-B99F-F3711D0E3272}.Debug|Any CPU.Build.0 = Debug|Any CPU
		{0AB5AD67-2253-4D46-B99F-F3711D0E3272}.Release|Any CPU.ActiveCfg = Release|Any CPU
		{0AB5AD67-2253-4D46-B99F-F3711D0E3272}.Release|Any CPU.Build.0 = Release|Any CPU
		{931431DA-9267-4884-9A99-4FEF56B35CA8}.Debug|Any CPU.ActiveCfg = Debug|Any CPU
		{931431DA-9267-4884-9A99-4FEF56B35CA8}.Debug|Any CPU.Build.0 = Debug|Any CPU
		{931431DA-9267-4884-9A99-4FEF56B35CA8}.Release|Any CPU.ActiveCfg = Release|Any CPU
		{931431DA-9267-4884-9A99-4FEF56B35CA8}.Release|Any CPU.Build.0 = Release|Any CPU
		{52120639-F368-4B87-A670-B534EC996CCB}.Debug|Any CPU.ActiveCfg = Debug|Any CPU
		{52120639-F368-4B87-A670-B534EC996CCB}.Debug|Any CPU.Build.0 = Debug|Any CPU
		{52120639-F368-4B87-A670-B534EC996CCB}.Release|Any CPU.ActiveCfg = Release|Any CPU
		{52120639-F368-4B87-A670-B534EC996CCB}.Release|Any CPU.Build.0 = Release|Any CPU
		{7D3D2343-8FD7-46AA-9B4F-34DBC359AEF5}.Debug|Any CPU.ActiveCfg = Debug|Any CPU
		{7D3D2343-8FD7-46AA-9B4F-34DBC359AEF5}.Debug|Any CPU.Build.0 = Debug|Any CPU
		{7D3D2343-8FD7-46AA-9B4F-34DBC359AEF5}.Release|Any CPU.ActiveCfg = Release|Any CPU
		{7D3D2343-8FD7-46AA-9B4F-34DBC359AEF5}.Release|Any CPU.Build.0 = Release|Any CPU
		{EAB3B9A6-3731-42B0-A41F-2BE28342241B}.Debug|Any CPU.ActiveCfg = Debug|Any CPU
		{EAB3B9A6-3731-42B0-A41F-2BE28342241B}.Debug|Any CPU.Build.0 = Debug|Any CPU
		{EAB3B9A6-3731-42B0-A41F-2BE28342241B}.Release|Any CPU.ActiveCfg = Release|Any CPU
		{EAB3B9A6-3731-42B0-A41F-2BE28342241B}.Release|Any CPU.Build.0 = Release|Any CPU
		{9ADEDA3A-41B9-41FC-9A2B-F614AC75A405}.Debug|Any CPU.ActiveCfg = Debug|Any CPU
		{9ADEDA3A-41B9-41FC-9A2B-F614AC75A405}.Debug|Any CPU.Build.0 = Debug|Any CPU
		{9ADEDA3A-41B9-41FC-9A2B-F614AC75A405}.Release|Any CPU.ActiveCfg = Release|Any CPU
		{9ADEDA3A-41B9-41FC-9A2B-F614AC75A405}.Release|Any CPU.Build.0 = Release|Any CPU
		{E48FD7B0-BE72-4A67-843F-1211A4FB5D62}.Debug|Any CPU.ActiveCfg = Debug|Any CPU
		{E48FD7B0-BE72-4A67-843F-1211A4FB5D62}.Debug|Any CPU.Build.0 = Debug|Any CPU
		{E48FD7B0-BE72-4A67-843F-1211A4FB5D62}.Release|Any CPU.ActiveCfg = Release|Any CPU
		{E48FD7B0-BE72-4A67-843F-1211A4FB5D62}.Release|Any CPU.Build.0 = Release|Any CPU
	EndGlobalSection
	GlobalSection(SolutionProperties) = preSolution
		HideSolutionNode = FALSE
	EndGlobalSection
	GlobalSection(NestedProjects) = preSolution
		{CF4B14A4-A7C4-4C05-BBAD-C67211E4F464} = {2DE5B98F-502F-40AA-8904-79C3CCD1C63A}
		{562BFD35-D7C8-4780-88A1-5433DC6382E2} = {764FFCC6-C2EC-4676-B009-4A560A1ABD75}
		{0688747C-11E4-42DD-AF77-62B4D956672B} = {EA3ED343-70BA-449A-9E80-B6148105D738}
		{1819E097-D00B-43B1-B3A3-D2179B2AFC0A} = {AE6F2CBF-4543-4752-AD9B-134D95F2A24D}
		{CB7D637B-799E-4E25-8C07-DA4A54C83553} = {9651F1CE-FE26-4C40-BCDA-1778BD49E121}
		{108A1CB5-19C8-4F25-8C37-9C2AC6327233} = {E8FEAE5D-6FBF-45A1-B9E9-F76DE35C13E7}
		{D023B7D2-8CFA-418D-BE79-4B2D6BADA613} = {9EC00735-9E6B-420E-BFAD-2569FAE11377}
		{B537C932-0242-4370-98E6-F2FD45AECF5D} = {94828128-4631-4427-BBF9-5B612DE41CF6}
		{FE15DD96-9534-4081-AA32-AD20C52423D0} = {33702DEE-0C75-4BD5-9714-977F3AB9515B}
		{F0E2BDF3-D12B-4ED6-B845-2999CA5E2513} = {6C3BD662-DB5E-4173-9224-5C73D0CEB6FE}
		{0AB5AD67-2253-4D46-B99F-F3711D0E3272} = {D0BBC458-6F26-44B5-8C3E-B403E126DCAF}
		{931431DA-9267-4884-9A99-4FEF56B35CA8} = {18848DC8-2ED9-44CB-9757-C34F78CFAC51}
		{52120639-F368-4B87-A670-B534EC996CCB} = {FC1CEAF7-9167-46C6-B5EB-C71858791234}
		{7D3D2343-8FD7-46AA-9B4F-34DBC359AEF5} = {58D636DA-C2D4-416D-B5E8-3D1B8D0AE664}
		{EAB3B9A6-3731-42B0-A41F-2BE28342241B} = {916BBCB8-ED45-4857-B2A1-F9FFFF0D3497}
		{9ADEDA3A-41B9-41FC-9A2B-F614AC75A405} = {6C73CEC8-143E-49D0-847F-F4AF4FDF9B38}
		{E48FD7B0-BE72-4A67-843F-1211A4FB5D62} = {AD3D19F7-9A79-4B39-8468-086C73A3EE0A}
	EndGlobalSection
	GlobalSection(ExtensibilityGlobals) = postSolution
		SolutionGuid = {881BB671-2897-423A-A6F0-193F055F8968}
	EndGlobalSection
EndGlobal
